{
    "name": "mdsvex-client",
    "version": "1.0.0",
    "lockfileVersion": 3,
    "requires": true,
    "packages": {
        "": {
            "name": "mdsvex-client",
            "version": "1.0.0",
            "license": "MIT",
            "dependencies": {
                "vscode-html-languageservice": "^5.3.1",
                "vscode-languageclient": "^6.1.3",
                "vscode-languageserver": "^6.1.1",
                "vscode-oniguruma": "^2.0.1",
                "vscode-textmate": "^9.0.0"
            },
            "devDependencies": {
                "@types/vscode": "^1.64.0"
            },
            "engines": {
                "vscode": "^1.64.0"
            }
        },
        "node_modules/@types/vscode": {
            "version": "1.83.1",
            "resolved": "https://registry.npmjs.org/@types/vscode/-/vscode-1.83.1.tgz",
            "integrity": "sha512-BHu51NaNKOtDf3BOonY3sKFFmZKEpRkzqkZVpSYxowLbs5JqjOQemYFob7Gs5rpxE5tiGhfpnMpcdF/oKrLg4w==",
            "dev": true
        },
        "node_modules/@vscode/l10n": {
            "version": "0.0.18",
            "resolved": "https://registry.npmjs.org/@vscode/l10n/-/l10n-0.0.18.tgz",
            "integrity": "sha512-KYSIHVmslkaCDyw013pphY+d7x1qV8IZupYfeIfzNA+nsaWHbn5uPuQRvdRFsa9zFzGeudPuoGoZ1Op4jrJXIQ==",
            "license": "MIT"
        },
        "node_modules/semver": {
            "version": "6.3.1",
            "resolved": "https://registry.npmjs.org/semver/-/semver-6.3.1.tgz",
            "integrity": "sha512-BR7VvDCVHO+q2xBEWskxS6DJE1qRnb7DxzUrogb71CWoSficBxYsiAGd+Kl0mmq/MprG9yArRkyrQxTO6XjMzA==",
            "bin": {
                "semver": "bin/semver.js"
            }
        },
        "node_modules/vscode-html-languageservice": {
            "version": "5.3.1",
            "resolved": "https://registry.npmjs.org/vscode-html-languageservice/-/vscode-html-languageservice-5.3.1.tgz",
            "integrity": "sha512-ysUh4hFeW/WOWz/TO9gm08xigiSsV/FOAZ+DolgJfeLftna54YdmZ4A+lIn46RbdO3/Qv5QHTn1ZGqmrXQhZyA==",
            "license": "MIT",
            "dependencies": {
                "@vscode/l10n": "^0.0.18",
                "vscode-languageserver-textdocument": "^1.0.12",
                "vscode-languageserver-types": "^3.17.5",
                "vscode-uri": "^3.0.8"
            }
        },
        "node_modules/vscode-html-languageservice/node_modules/vscode-languageserver-types": {
            "version": "3.17.5",
            "resolved": "https://registry.npmjs.org/vscode-languageserver-types/-/vscode-languageserver-types-3.17.5.tgz",
            "integrity": "sha512-Ld1VelNuX9pdF39h2Hgaeb5hEZM2Z3jUrrMgWQAu82jMtZp7p3vJT3BzToKtZI7NgQssZje5o0zryOrhQvzQAg==",
            "license": "MIT"
        },
        "node_modules/vscode-jsonrpc": {
            "version": "5.0.1",
            "resolved": "https://registry.npmjs.org/vscode-jsonrpc/-/vscode-jsonrpc-5.0.1.tgz",
            "integrity": "sha512-JvONPptw3GAQGXlVV2utDcHx0BiY34FupW/kI6mZ5x06ER5DdPG/tXWMVHjTNULF5uKPOUUD0SaXg5QaubJL0A==",
            "engines": {
                "node": ">=8.0.0 || >=10.0.0"
            }
        },
        "node_modules/vscode-languageclient": {
            "version": "6.1.3",
            "resolved": "https://registry.npmjs.org/vscode-languageclient/-/vscode-languageclient-6.1.3.tgz",
            "integrity": "sha512-YciJxk08iU5LmWu7j5dUt9/1OLjokKET6rME3cI4BRpiF6HZlusm2ZwPt0MYJ0lV5y43sZsQHhyon2xBg4ZJVA==",
            "dependencies": {
                "semver": "^6.3.0",
                "vscode-languageserver-protocol": "^3.15.3"
            },
            "engines": {
                "vscode": "^1.41.0"
            }
        },
        "node_modules/vscode-languageserver": {
            "version": "6.1.1",
            "resolved": "https://registry.npmjs.org/vscode-languageserver/-/vscode-languageserver-6.1.1.tgz",
            "integrity": "sha512-DueEpkUAkD5XTR4MLYNr6bQIp/UFR0/IPApgXU3YfCBCB08u2sm9hRCs6DxYZELkk++STPjpcjksR2H8qI3cDQ==",
            "dependencies": {
                "vscode-languageserver-protocol": "^3.15.3"
            },
            "bin": {
                "installServerIntoExtension": "bin/installServerIntoExtension"
            }
        },
        "node_modules/vscode-languageserver-protocol": {
            "version": "3.15.3",
            "resolved": "https://registry.npmjs.org/vscode-languageserver-protocol/-/vscode-languageserver-protocol-3.15.3.tgz",
            "integrity": "sha512-zrMuwHOAQRhjDSnflWdJG+O2ztMWss8GqUUB8dXLR/FPenwkiBNkMIJJYfSN6sgskvsF0rHAoBowNQfbyZnnvw==",
            "dependencies": {
                "vscode-jsonrpc": "^5.0.1",
                "vscode-languageserver-types": "3.15.1"
            }
        },
        "node_modules/vscode-languageserver-textdocument": {
            "version": "1.0.12",
            "resolved": "https://registry.npmjs.org/vscode-languageserver-textdocument/-/vscode-languageserver-textdocument-1.0.12.tgz",
            "integrity": "sha512-cxWNPesCnQCcMPeenjKKsOCKQZ/L6Tv19DTRIGuLWe32lyzWhihGVJ/rcckZXJxfdKCFvRLS3fpBIsV/ZGX4zA==",
            "license": "MIT"
        },
        "node_modules/vscode-languageserver-types": {
            "version": "3.15.1",
            "resolved": "https://registry.npmjs.org/vscode-languageserver-types/-/vscode-languageserver-types-3.15.1.tgz",
            "integrity": "sha512-+a9MPUQrNGRrGU630OGbYVQ+11iOIovjCkqxajPa9w57Sd5ruK8WQNsslzpa0x/QJqC8kRc2DUxWjIFwoNm4ZQ=="
        },
        "node_modules/vscode-oniguruma": {
            "version": "2.0.1",
            "resolved": "https://registry.npmjs.org/vscode-oniguruma/-/vscode-oniguruma-2.0.1.tgz",
            "integrity": "sha512-poJU8iHIWnC3vgphJnrLZyI3YdqRlR27xzqDmpPXYzA93R4Gk8z7T6oqDzDoHjoikA2aS82crdXFkjELCdJsjQ=="
        },
        "node_modules/vscode-textmate": {
            "version": "9.0.0",
            "resolved": "https://registry.npmjs.org/vscode-textmate/-/vscode-textmate-9.0.0.tgz",
            "integrity": "sha512-Cl65diFGxz7gpwbav10HqiY/eVYTO1sjQpmRmV991Bj7wAoOAjGQ97PpQcXorDE2Uc4hnGWLY17xme+5t6MlSg=="
        },
        "node_modules/vscode-uri": {
            "version": "3.0.8",
            "resolved": "https://registry.npmjs.org/vscode-uri/-/vscode-uri-3.0.8.tgz",
            "integrity": "sha512-AyFQ0EVmsOZOlAnxoFOGOq1SQDWAB7C6aqMGS23svWAllfOaxbuFvcT8D1i8z3Gyn8fraVeZNNmN6e9bxxXkKw==",
            "license": "MIT"
        }
    }
}
